
Microsoft Visual Studio Solution File, Format Version 12.00
# Visual Studio 14
VisualStudioVersion = 14.0.25420.1
MinimumVisualStudioVersion = 10.0.40219.1
Project("{F14B399A-7131-4C87-9E4B-1186C45EF12D}") = "Test", "Test\Test.rptproj", "{6944DE67-B4D5-4C37-8413-B9D9EC7C23E1}"
EndProject
Global
	GlobalSection(SolutionConfigurationPlatforms) = preSolution
		Debug|Default = Debug|Default
		DebugLocal|Default = DebugLocal|Default
		Release|Default = Release|Default
	EndGlobalSection
	GlobalSection(ProjectConfigurationPlatforms) = postSolution
		{6944DE67-B4D5-4C37-8413-B9D9EC7C23E1}.Debug|Default.ActiveCfg = Debug
		{6944DE67-B4D5-4C37-8413-B9D9EC7C23E1}.Debug|Default.Build.0 = Debug
		{6944DE67-B4D5-4C37-8413-B9D9EC7C23E1}.Debug|Default.Deploy.0 = Debug
		{6944DE67-B4D5-4C37-8413-B9D9EC7C23E1}.DebugLocal|Default.ActiveCfg = DebugLocal
		{6944DE67-B4D5-4C37-8413-B9D9EC7C23E1}.DebugLocal|Default.Build.0 = DebugLocal
		{6944DE67-B4D5-4C37-8413-B9D9EC7C23E1}.Release|Default.ActiveCfg = Release
		{6944DE67-B4D5-4C37-8413-B9D9EC7C23E1}.Release|Default.Build.0 = Release
		{6944DE67-B4D5-4C37-8413-B9D9EC7C23E1}.Release|Default.Deploy.0 = Release
	EndGlobalSection
	GlobalSection(SolutionProperties) = preSolution
		HideSolutionNode = FALSE
	EndGlobalSection
EndGlobal
